
Microsoft Visual Studio Solution File, Format Version 12.00
# Visual Studio 15
VisualStudioVersion = 15.0.27004.2010
MinimumVisualStudioVersion = 10.0.40219.1
Project("{FAE04EC0-301F-11D3-BF4B-00C04F79EFBC}") = "PlantSimConsole", "ConsoleApp1\PlantSimConsole.csproj", "{BE14ED2A-B70D-4CFB-A61C-997B5DA2DB9B}"
EndProject
Global
	GlobalSection(SolutionConfigurationPlatforms) = preSolution
		Debug|Any CPU = Debug|Any CPU
		Release|Any CPU = Release|Any CPU
	EndGlobalSection
	GlobalSection(ProjectConfigurationPlatforms) = postSolution
		{BE14ED2A-B70D-4CFB-A61C-997B5DA2DB9B}.Debug|Any CPU.ActiveCfg = Debug|Any CPU
		{BE14ED2A-B70D-4CFB-A61C-997B5DA2DB9B}.Debug|Any CPU.Build.0 = Debug|Any CPU
		{BE14ED2A-B70D-4CFB-A61C-997B5DA2DB9B}.Release|Any CPU.ActiveCfg = Release|Any CPU
		{BE14ED2A-B70D-4CFB-A61C-997B5DA2DB9B}.Release|Any CPU.Build.0 = Release|Any CPU
	EndGlobalSection
	GlobalSection(SolutionProperties) = preSolution
		HideSolutionNode = FALSE
	EndGlobalSection
	GlobalSection(ExtensibilityGlobals) = postSolution
		SolutionGuid = {DC7A303E-B943-46D1-8CDB-61D69B11EAF1}
	EndGlobalSection
EndGlobal
